
Microsoft Visual Studio Solution File, Format Version 12.00
# Visual Studio 15
VisualStudioVersion = 15.0.27428.2037
MinimumVisualStudioVersion = 10.0.40219.1
Project("{FAE04EC0-301F-11D3-BF4B-00C04F79EFBC}") = "IsItUpService", "IsItUp\IsItUpService.csproj", "{F95207C0-2E22-40D9-94FA-7DBCC9EAB512}"
EndProject
Project("{FAE04EC0-301F-11D3-BF4B-00C04F79EFBC}") = "IsItUpLogic", "IsItUpLogic\IsItUpLogic.csproj", "{2D4EEC3E-CEE6-47D0-97F4-7D902E193238}"
EndProject
Global
	GlobalSection(SolutionConfigurationPlatforms) = preSolution
		Debug|Any CPU = Debug|Any CPU
		Release|Any CPU = Release|Any CPU
	EndGlobalSection
	GlobalSection(ProjectConfigurationPlatforms) = postSolution
		{F95207C0-2E22-40D9-94FA-7DBCC9EAB512}.Debug|Any CPU.ActiveCfg = Debug|Any CPU
		{F95207C0-2E22-40D9-94FA-7DBCC9EAB512}.Debug|Any CPU.Build.0 = Debug|Any CPU
		{F95207C0-2E22-40D9-94FA-7DBCC9EAB512}.Release|Any CPU.ActiveCfg = Release|Any CPU
		{F95207C0-2E22-40D9-94FA-7DBCC9EAB512}.Release|Any CPU.Build.0 = Release|Any CPU
		{2D4EEC3E-CEE6-47D0-97F4-7D902E193238}.Debug|Any CPU.ActiveCfg = Debug|Any CPU
		{2D4EEC3E-CEE6-47D0-97F4-7D902E193238}.Debug|Any CPU.Build.0 = Debug|Any CPU
		{2D4EEC3E-CEE6-47D0-97F4-7D902E193238}.Release|Any CPU.ActiveCfg = Release|Any CPU
		{2D4EEC3E-CEE6-47D0-97F4-7D902E193238}.Release|Any CPU.Build.0 = Release|Any CPU
	EndGlobalSection
	GlobalSection(SolutionProperties) = preSolution
		HideSolutionNode = FALSE
	EndGlobalSection
	GlobalSection(ExtensibilityGlobals) = postSolution
		SolutionGuid = {036FE0E2-0661-4424-95E3-9087D308CD87}
	EndGlobalSection
EndGlobal
